
Microsoft Visual Studio Solution File, Format Version 12.00
# Visual Studio Version 16
VisualStudioVersion = 16.0.30711.63
MinimumVisualStudioVersion = 10.0.40219.1
Project("{8BC9CEB8-8B4A-11D0-8D11-00A0C91BC942}") = "单链表操作", "软件工程\软件工程.vcxproj", "{D6142849-366F-4A8A-9975-C2320EB3AB86}"
EndProject
Project("{8BC9CEB8-8B4A-11D0-8D11-00A0C91BC942}") = "哈夫曼树", "哈夫曼树\哈夫曼树.vcxproj", "{5AFB1C13-A942-4641-A7E1-4B28B0FBF117}"
EndProject
Project("{8BC9CEB8-8B4A-11D0-8D11-00A0C91BC942}") = "顺序查找", "顺序查找\顺序查找.vcxproj", "{E64F6BEA-840F-4534-834E-C263BE005FE2}"
EndProject
Project("{8BC9CEB8-8B4A-11D0-8D11-00A0C91BC942}") = "折半查找", "折半查找\折半查找.vcxproj", "{BB4CD19D-9BC7-4393-8348-5154440989CA}"
EndProject
Project("{8BC9CEB8-8B4A-11D0-8D11-00A0C91BC942}") = "哈希表查找", "哈希表查找\哈希表查找.vcxproj", "{47E7C22E-60E6-422E-8548-C67D73FE30EE}"
EndProject
Project("{8BC9CEB8-8B4A-11D0-8D11-00A0C91BC942}") = "内部排序", "内部排序\内部排序.vcxproj", "{9A0EEDF9-2265-4DEC-B85B-5CFAA712055E}"
EndProject
Project("{8BC9CEB8-8B4A-11D0-8D11-00A0C91BC942}") = "二叉树查找", "二叉树查找\二叉树查找.vcxproj", "{185EA868-D5D3-4570-9CD8-F9C8B4073FCD}"
EndProject
Global
	GlobalSection(SolutionConfigurationPlatforms) = preSolution
		Debug|x64 = Debug|x64
		Debug|x86 = Debug|x86
		Release|x64 = Release|x64
		Release|x86 = Release|x86
	EndGlobalSection
	GlobalSection(ProjectConfigurationPlatforms) = postSolution
		{D6142849-366F-4A8A-9975-C2320EB3AB86}.Debug|x64.ActiveCfg = Debug|x64
		{D6142849-366F-4A8A-9975-C2320EB3AB86}.Debug|x64.Build.0 = Debug|x64
		{D6142849-366F-4A8A-9975-C2320EB3AB86}.Debug|x86.ActiveCfg = Debug|Win32
		{D6142849-366F-4A8A-9975-C2320EB3AB86}.Debug|x86.Build.0 = Debug|Win32
		{D6142849-366F-4A8A-9975-C2320EB3AB86}.Release|x64.ActiveCfg = Release|x64
		{D6142849-366F-4A8A-9975-C2320EB3AB86}.Release|x64.Build.0 = Release|x64
		{D6142849-366F-4A8A-9975-C2320EB3AB86}.Release|x86.ActiveCfg = Release|Win32
		{D6142849-366F-4A8A-9975-C2320EB3AB86}.Release|x86.Build.0 = Release|Win32
		{5AFB1C13-A942-4641-A7E1-4B28B0FBF117}.Debug|x64.ActiveCfg = Debug|x64
		{5AFB1C13-A942-4641-A7E1-4B28B0FBF117}.Debug|x64.Build.0 = Debug|x64
		{5AFB1C13-A942-4641-A7E1-4B28B0FBF117}.Debug|x86.ActiveCfg = Debug|Win32
		{5AFB1C13-A942-4641-A7E1-4B28B0FBF117}.Debug|x86.Build.0 = Debug|Win32
		{5AFB1C13-A942-4641-A7E1-4B28B0FBF117}.Release|x64.ActiveCfg = Release|x64
		{5AFB1C13-A942-4641-A7E1-4B28B0FBF117}.Release|x64.Build.0 = Release|x64
		{5AFB1C13-A942-4641-A7E1-4B28B0FBF117}.Release|x86.ActiveCfg = Release|Win32
		{5AFB1C13-A942-4641-A7E1-4B28B0FBF117}.Release|x86.Build.0 = Release|Win32
		{E64F6BEA-840F-4534-834E-C263BE005FE2}.Debug|x64.ActiveCfg = Debug|x64
		{E64F6BEA-840F-4534-834E-C263BE005FE2}.Debug|x64.Build.0 = Debug|x64
		{E64F6BEA-840F-4534-834E-C263BE005FE2}.Debug|x86.ActiveCfg = Debug|Win32
		{E64F6BEA-840F-4534-834E-C263BE005FE2}.Debug|x86.Build.0 = Debug|Win32
		{E64F6BEA-840F-4534-834E-C263BE005FE2}.Release|x64.ActiveCfg = Release|x64
		{E64F6BEA-840F-4534-834E-C263BE005FE2}.Release|x64.Build.0 = Release|x64
		{E64F6BEA-840F-4534-834E-C263BE005FE2}.Release|x86.ActiveCfg = Release|Win32
		{E64F6BEA-840F-4534-834E-C263BE005FE2}.Release|x86.Build.0 = Release|Win32
		{BB4CD19D-9BC7-4393-8348-5154440989CA}.Debug|x64.ActiveCfg = Debug|x64
		{BB4CD19D-9BC7-4393-8348-5154440989CA}.Debug|x64.Build.0 = Debug|x64
		{BB4CD19D-9BC7-4393-8348-5154440989CA}.Debug|x86.ActiveCfg = Debug|Win32
		{BB4CD19D-9BC7-4393-8348-5154440989CA}.Debug|x86.Build.0 = Debug|Win32
		{BB4CD19D-9BC7-4393-8348-5154440989CA}.Release|x64.ActiveCfg = Release|x64
		{BB4CD19D-9BC7-4393-8348-5154440989CA}.Release|x64.Build.0 = Release|x64
		{BB4CD19D-9BC7-4393-8348-5154440989CA}.Release|x86.ActiveCfg = Release|Win32
		{BB4CD19D-9BC7-4393-8348-5154440989CA}.Release|x86.Build.0 = Release|Win32
		{47E7C22E-60E6-422E-8548-C67D73FE30EE}.Debug|x64.ActiveCfg = Debug|x64
		{47E7C22E-60E6-422E-8548-C67D73FE30EE}.Debug|x64.Build.0 = Debug|x64
		{47E7C22E-60E6-422E-8548-C67D73FE30EE}.Debug|x86.ActiveCfg = Debug|Win32
		{47E7C22E-60E6-422E-8548-C67D73FE30EE}.Debug|x86.Build.0 = Debug|Win32
		{47E7C22E-60E6-422E-8548-C67D73FE30EE}.Release|x64.ActiveCfg = Release|x64
		{47E7C22E-60E6-422E-8548-C67D73FE30EE}.Release|x64.Build.0 = Release|x64
		{47E7C22E-60E6-422E-8548-C67D73FE30EE}.Release|x86.ActiveCfg = Release|Win32
		{47E7C22E-60E6-422E-8548-C67D73FE30EE}.Release|x86.Build.0 = Release|Win32
		{9A0EEDF9-2265-4DEC-B85B-5CFAA712055E}.Debug|x64.ActiveCfg = Debug|x64
		{9A0EEDF9-2265-4DEC-B85B-5CFAA712055E}.Debug|x64.Build.0 = Debug|x64
		{9A0EEDF9-2265-4DEC-B85B-5CFAA712055E}.Debug|x86.ActiveCfg = Debug|Win32
		{9A0EEDF9-2265-4DEC-B85B-5CFAA712055E}.Debug|x86.Build.0 = Debug|Win32
		{9A0EEDF9-2265-4DEC-B85B-5CFAA712055E}.Release|x64.ActiveCfg = Release|x64
		{9A0EEDF9-2265-4DEC-B85B-5CFAA712055E}.Release|x64.Build.0 = Release|x64
		{9A0EEDF9-2265-4DEC-B85B-5CFAA712055E}.Release|x86.ActiveCfg = Release|Win32
		{9A0EEDF9-2265-4DEC-B85B-5CFAA712055E}.Release|x86.Build.0 = Release|Win32
		{185EA868-D5D3-4570-9CD8-F9C8B4073FCD}.Debug|x64.ActiveCfg = Debug|x64
		{185EA868-D5D3-4570-9CD8-F9C8B4073FCD}.Debug|x64.Build.0 = Debug|x64
		{185EA868-D5D3-4570-9CD8-F9C8B4073FCD}.Debug|x86.ActiveCfg = Debug|Win32
		{185EA868-D5D3-4570-9CD8-F9C8B4073FCD}.Debug|x86.Build.0 = Debug|Win32
		{185EA868-D5D3-4570-9CD8-F9C8B4073FCD}.Release|x64.ActiveCfg = Release|x64
		{185EA868-D5D3-4570-9CD8-F9C8B4073FCD}.Release|x64.Build.0 = Release|x64
		{185EA868-D5D3-4570-9CD8-F9C8B4073FCD}.Release|x86.ActiveCfg = Release|Win32
		{185EA868-D5D3-4570-9CD8-F9C8B4073FCD}.Release|x86.Build.0 = Release|Win32
	EndGlobalSection
	GlobalSection(SolutionProperties) = preSolution
		HideSolutionNode = FALSE
	EndGlobalSection
	GlobalSection(ExtensibilityGlobals) = postSolution
		SolutionGuid = {A6F318DA-2D9F-4813-A2A0-74CBE42553BB}
	EndGlobalSection
EndGlobal
